
Microsoft Visual Studio Solution File, Format Version 12.00
# Visual Studio Version 16
VisualStudioVersion = 16.0.29411.108
MinimumVisualStudioVersion = 10.0.40219.1
Project("{FAE04EC0-301F-11D3-BF4B-00C04F79EFBC}") = "MediaChromeGUI", "MediaChromeGUI.csproj", "{2B72EF2A-6611-4492-A753-0E1C8612A3E2}"
EndProject
Project("{FAE04EC0-301F-11D3-BF4B-00C04F79EFBC}") = "Board", "..\Board\Board.csproj", "{6471D06B-3647-4FDF-B980-7A59F9BDB790}"
EndProject
Project("{FAE04EC0-301F-11D3-BF4B-00C04F79EFBC}") = "xmlfick", "..\xmlfick\xmlfick.csproj", "{E344CCBA-1F8B-4FE5-AB1F-3DD444DF64D3}"
EndProject
Project("{FAE04EC0-301F-11D3-BF4B-00C04F79EFBC}") = "MediaChrome", "..\MediaChrome\MediaChrome.csproj", "{1D280F8A-C27B-40A2-AA08-71DB6E82E530}"
EndProject
Project("{FAE04EC0-301F-11D3-BF4B-00C04F79EFBC}") = "DeskWiki", "..\DeskWiki\DeskWiki.csproj", "{73C5EBB2-4FFF-4479-9B56-B3B0EE4FEC40}"
EndProject
Global
	GlobalSection(SolutionConfigurationPlatforms) = preSolution
		Debug|Any CPU = Debug|Any CPU
		Release|Any CPU = Release|Any CPU
	EndGlobalSection
	GlobalSection(ProjectConfigurationPlatforms) = postSolution
		{2B72EF2A-6611-4492-A753-0E1C8612A3E2}.Debug|Any CPU.ActiveCfg = Debug|Any CPU
		{2B72EF2A-6611-4492-A753-0E1C8612A3E2}.Debug|Any CPU.Build.0 = Debug|Any CPU
		{2B72EF2A-6611-4492-A753-0E1C8612A3E2}.Release|Any CPU.ActiveCfg = Release|Any CPU
		{2B72EF2A-6611-4492-A753-0E1C8612A3E2}.Release|Any CPU.Build.0 = Release|Any CPU
		{6471D06B-3647-4FDF-B980-7A59F9BDB790}.Debug|Any CPU.ActiveCfg = Debug|x86
		{6471D06B-3647-4FDF-B980-7A59F9BDB790}.Debug|Any CPU.Build.0 = Debug|x86
		{6471D06B-3647-4FDF-B980-7A59F9BDB790}.Release|Any CPU.ActiveCfg = Release|Any CPU
		{E344CCBA-1F8B-4FE5-AB1F-3DD444DF64D3}.Debug|Any CPU.ActiveCfg = Debug|x86
		{E344CCBA-1F8B-4FE5-AB1F-3DD444DF64D3}.Release|Any CPU.ActiveCfg = Release|Any CPU
		{1D280F8A-C27B-40A2-AA08-71DB6E82E530}.Debug|Any CPU.ActiveCfg = Debug|Any CPU
		{1D280F8A-C27B-40A2-AA08-71DB6E82E530}.Debug|Any CPU.Build.0 = Debug|Any CPU
		{1D280F8A-C27B-40A2-AA08-71DB6E82E530}.Release|Any CPU.ActiveCfg = Release|Any CPU
		{1D280F8A-C27B-40A2-AA08-71DB6E82E530}.Release|Any CPU.Build.0 = Release|Any CPU
		{73C5EBB2-4FFF-4479-9B56-B3B0EE4FEC40}.Debug|Any CPU.ActiveCfg = Debug|x86
		{73C5EBB2-4FFF-4479-9B56-B3B0EE4FEC40}.Release|Any CPU.ActiveCfg = Release|Any CPU
	EndGlobalSection
	GlobalSection(SolutionProperties) = preSolution
		HideSolutionNode = FALSE
	EndGlobalSection
	GlobalSection(ExtensibilityGlobals) = postSolution
		SolutionGuid = {7C806C79-2D07-43D1-9256-2302CF28B4FE}
	EndGlobalSection
EndGlobal
