
Microsoft Visual Studio Solution File, Format Version 11.00
# Visual Studio 2010
Project("{FAE04EC0-301F-11D3-BF4B-00C04F79EFBC}") = "libspotify-sharp", "..\libspotify-sharp\libspotify-sharp.csproj", "{33ECCB93-27D8-40DB-82E8-B47AAE19AA9C}"
EndProject
Project("{FAE04EC0-301F-11D3-BF4B-00C04F79EFBC}") = "DeskWiki", "..\DeskWiki\DeskWiki.csproj", "{73C5EBB2-4FFF-4479-9B56-B3B0EE4FEC40}"
EndProject
Project("{FAE04EC0-301F-11D3-BF4B-00C04F79EFBC}") = "dirC", "..\dirC\dirC.csproj", "{3F72D288-58C6-4950-8E33-86FB2FFD6BE6}"
EndProject
Project("{FAE04EC0-301F-11D3-BF4B-00C04F79EFBC}") = "Board", "..\Board\Board.csproj", "{6471D06B-3647-4FDF-B980-7A59F9BDB790}"
EndProject
Project("{FAE04EC0-301F-11D3-BF4B-00C04F79EFBC}") = "Spotify", "Spotify\Spotify.csproj", "{4478DEE3-CEF1-4616-816C-60784AF36629}"
EndProject
Project("{FAE04EC0-301F-11D3-BF4B-00C04F79EFBC}") = "MediaChromeGUI", "MediaChromeGUI.csproj", "{2B72EF2A-6611-4492-A753-0E1C8612A3E2}"
EndProject
Project("{FAE04EC0-301F-11D3-BF4B-00C04F79EFBC}") = "MediaChrome", "..\MediaChrome\MediaChrome.csproj", "{1D280F8A-C27B-40A2-AA08-71DB6E82E530}"
EndProject
Global
	GlobalSection(SolutionConfigurationPlatforms) = preSolution
		Debug|Any CPU = Debug|Any CPU
		Debug|Mixed Platforms = Debug|Mixed Platforms
		Debug|Win32 = Debug|Win32
		Debug|x86 = Debug|x86
		EXPERIMENTAL|Any CPU = EXPERIMENTAL|Any CPU
		EXPERIMENTAL|Mixed Platforms = EXPERIMENTAL|Mixed Platforms
		EXPERIMENTAL|Win32 = EXPERIMENTAL|Win32
		EXPERIMENTAL|x86 = EXPERIMENTAL|x86
		Release|Any CPU = Release|Any CPU
		Release|Mixed Platforms = Release|Mixed Platforms
		Release|Win32 = Release|Win32
		Release|x86 = Release|x86
	EndGlobalSection
	GlobalSection(ProjectConfigurationPlatforms) = postSolution
		{33ECCB93-27D8-40DB-82E8-B47AAE19AA9C}.Debug|Any CPU.ActiveCfg = Debug|Any CPU
		{33ECCB93-27D8-40DB-82E8-B47AAE19AA9C}.Debug|Any CPU.Build.0 = Debug|Any CPU
		{33ECCB93-27D8-40DB-82E8-B47AAE19AA9C}.Debug|Mixed Platforms.ActiveCfg = Debug|Any CPU
		{33ECCB93-27D8-40DB-82E8-B47AAE19AA9C}.Debug|Mixed Platforms.Build.0 = Debug|Any CPU
		{33ECCB93-27D8-40DB-82E8-B47AAE19AA9C}.Debug|Win32.ActiveCfg = Debug|Any CPU
		{33ECCB93-27D8-40DB-82E8-B47AAE19AA9C}.Debug|x86.ActiveCfg = Debug|Any CPU
		{33ECCB93-27D8-40DB-82E8-B47AAE19AA9C}.EXPERIMENTAL|Any CPU.ActiveCfg = EXPERIMENTAL|Any CPU
		{33ECCB93-27D8-40DB-82E8-B47AAE19AA9C}.EXPERIMENTAL|Any CPU.Build.0 = EXPERIMENTAL|Any CPU
		{33ECCB93-27D8-40DB-82E8-B47AAE19AA9C}.EXPERIMENTAL|Mixed Platforms.ActiveCfg = EXPERIMENTAL|Any CPU
		{33ECCB93-27D8-40DB-82E8-B47AAE19AA9C}.EXPERIMENTAL|Mixed Platforms.Build.0 = EXPERIMENTAL|Any CPU
		{33ECCB93-27D8-40DB-82E8-B47AAE19AA9C}.EXPERIMENTAL|Win32.ActiveCfg = EXPERIMENTAL|Any CPU
		{33ECCB93-27D8-40DB-82E8-B47AAE19AA9C}.EXPERIMENTAL|x86.ActiveCfg = EXPERIMENTAL|Any CPU
		{33ECCB93-27D8-40DB-82E8-B47AAE19AA9C}.Release|Any CPU.ActiveCfg = Release|Any CPU
		{33ECCB93-27D8-40DB-82E8-B47AAE19AA9C}.Release|Any CPU.Build.0 = Release|Any CPU
		{33ECCB93-27D8-40DB-82E8-B47AAE19AA9C}.Release|Mixed Platforms.ActiveCfg = Release|Any CPU
		{33ECCB93-27D8-40DB-82E8-B47AAE19AA9C}.Release|Mixed Platforms.Build.0 = Release|Any CPU
		{33ECCB93-27D8-40DB-82E8-B47AAE19AA9C}.Release|Win32.ActiveCfg = Release|Any CPU
		{33ECCB93-27D8-40DB-82E8-B47AAE19AA9C}.Release|x86.ActiveCfg = Release|Any CPU
		{73C5EBB2-4FFF-4479-9B56-B3B0EE4FEC40}.Debug|Any CPU.ActiveCfg = Debug|x86
		{73C5EBB2-4FFF-4479-9B56-B3B0EE4FEC40}.Debug|Mixed Platforms.ActiveCfg = Debug|x86
		{73C5EBB2-4FFF-4479-9B56-B3B0EE4FEC40}.Debug|Mixed Platforms.Build.0 = Debug|x86
		{73C5EBB2-4FFF-4479-9B56-B3B0EE4FEC40}.Debug|Win32.ActiveCfg = Debug|x86
		{73C5EBB2-4FFF-4479-9B56-B3B0EE4FEC40}.Debug|x86.ActiveCfg = Debug|x86
		{73C5EBB2-4FFF-4479-9B56-B3B0EE4FEC40}.Debug|x86.Build.0 = Debug|x86
		{73C5EBB2-4FFF-4479-9B56-B3B0EE4FEC40}.EXPERIMENTAL|Any CPU.ActiveCfg = EXPERIMENTAL|x86
		{73C5EBB2-4FFF-4479-9B56-B3B0EE4FEC40}.EXPERIMENTAL|Mixed Platforms.ActiveCfg = EXPERIMENTAL|x86
		{73C5EBB2-4FFF-4479-9B56-B3B0EE4FEC40}.EXPERIMENTAL|Mixed Platforms.Build.0 = EXPERIMENTAL|x86
		{73C5EBB2-4FFF-4479-9B56-B3B0EE4FEC40}.EXPERIMENTAL|Win32.ActiveCfg = EXPERIMENTAL|x86
		{73C5EBB2-4FFF-4479-9B56-B3B0EE4FEC40}.EXPERIMENTAL|x86.ActiveCfg = EXPERIMENTAL|x86
		{73C5EBB2-4FFF-4479-9B56-B3B0EE4FEC40}.EXPERIMENTAL|x86.Build.0 = EXPERIMENTAL|x86
		{73C5EBB2-4FFF-4479-9B56-B3B0EE4FEC40}.Release|Any CPU.ActiveCfg = Release|x86
		{73C5EBB2-4FFF-4479-9B56-B3B0EE4FEC40}.Release|Mixed Platforms.ActiveCfg = Release|x86
		{73C5EBB2-4FFF-4479-9B56-B3B0EE4FEC40}.Release|Mixed Platforms.Build.0 = Release|x86
		{73C5EBB2-4FFF-4479-9B56-B3B0EE4FEC40}.Release|Win32.ActiveCfg = Release|x86
		{73C5EBB2-4FFF-4479-9B56-B3B0EE4FEC40}.Release|x86.ActiveCfg = Release|x86
		{73C5EBB2-4FFF-4479-9B56-B3B0EE4FEC40}.Release|x86.Build.0 = Release|x86
		{3F72D288-58C6-4950-8E33-86FB2FFD6BE6}.Debug|Any CPU.ActiveCfg = Debug|x86
		{3F72D288-58C6-4950-8E33-86FB2FFD6BE6}.Debug|Mixed Platforms.ActiveCfg = Debug|x86
		{3F72D288-58C6-4950-8E33-86FB2FFD6BE6}.Debug|Mixed Platforms.Build.0 = Debug|x86
		{3F72D288-58C6-4950-8E33-86FB2FFD6BE6}.Debug|Win32.ActiveCfg = Debug|x86
		{3F72D288-58C6-4950-8E33-86FB2FFD6BE6}.Debug|x86.ActiveCfg = Debug|x86
		{3F72D288-58C6-4950-8E33-86FB2FFD6BE6}.Debug|x86.Build.0 = Debug|x86
		{3F72D288-58C6-4950-8E33-86FB2FFD6BE6}.EXPERIMENTAL|Any CPU.ActiveCfg = Release|x86
		{3F72D288-58C6-4950-8E33-86FB2FFD6BE6}.EXPERIMENTAL|Mixed Platforms.ActiveCfg = Release|x86
		{3F72D288-58C6-4950-8E33-86FB2FFD6BE6}.EXPERIMENTAL|Mixed Platforms.Build.0 = Release|x86
		{3F72D288-58C6-4950-8E33-86FB2FFD6BE6}.EXPERIMENTAL|Win32.ActiveCfg = Release|x86
		{3F72D288-58C6-4950-8E33-86FB2FFD6BE6}.EXPERIMENTAL|x86.ActiveCfg = Release|x86
		{3F72D288-58C6-4950-8E33-86FB2FFD6BE6}.EXPERIMENTAL|x86.Build.0 = Release|x86
		{3F72D288-58C6-4950-8E33-86FB2FFD6BE6}.Release|Any CPU.ActiveCfg = Release|x86
		{3F72D288-58C6-4950-8E33-86FB2FFD6BE6}.Release|Mixed Platforms.ActiveCfg = Release|x86
		{3F72D288-58C6-4950-8E33-86FB2FFD6BE6}.Release|Mixed Platforms.Build.0 = Release|x86
		{3F72D288-58C6-4950-8E33-86FB2FFD6BE6}.Release|Win32.ActiveCfg = Release|x86
		{3F72D288-58C6-4950-8E33-86FB2FFD6BE6}.Release|x86.ActiveCfg = Release|x86
		{3F72D288-58C6-4950-8E33-86FB2FFD6BE6}.Release|x86.Build.0 = Release|x86
		{6471D06B-3647-4FDF-B980-7A59F9BDB790}.Debug|Any CPU.ActiveCfg = Debug|x86
		{6471D06B-3647-4FDF-B980-7A59F9BDB790}.Debug|Mixed Platforms.ActiveCfg = Debug|x86
		{6471D06B-3647-4FDF-B980-7A59F9BDB790}.Debug|Mixed Platforms.Build.0 = Debug|x86
		{6471D06B-3647-4FDF-B980-7A59F9BDB790}.Debug|Win32.ActiveCfg = Debug|x86
		{6471D06B-3647-4FDF-B980-7A59F9BDB790}.Debug|x86.ActiveCfg = Debug|x86
		{6471D06B-3647-4FDF-B980-7A59F9BDB790}.Debug|x86.Build.0 = Debug|x86
		{6471D06B-3647-4FDF-B980-7A59F9BDB790}.EXPERIMENTAL|Any CPU.ActiveCfg = EXPERIMENTAL|x86
		{6471D06B-3647-4FDF-B980-7A59F9BDB790}.EXPERIMENTAL|Mixed Platforms.ActiveCfg = EXPERIMENTAL|x86
		{6471D06B-3647-4FDF-B980-7A59F9BDB790}.EXPERIMENTAL|Mixed Platforms.Build.0 = EXPERIMENTAL|x86
		{6471D06B-3647-4FDF-B980-7A59F9BDB790}.EXPERIMENTAL|Win32.ActiveCfg = EXPERIMENTAL|x86
		{6471D06B-3647-4FDF-B980-7A59F9BDB790}.EXPERIMENTAL|x86.ActiveCfg = EXPERIMENTAL|x86
		{6471D06B-3647-4FDF-B980-7A59F9BDB790}.EXPERIMENTAL|x86.Build.0 = EXPERIMENTAL|x86
		{6471D06B-3647-4FDF-B980-7A59F9BDB790}.Release|Any CPU.ActiveCfg = Release|x86
		{6471D06B-3647-4FDF-B980-7A59F9BDB790}.Release|Mixed Platforms.ActiveCfg = Release|x86
		{6471D06B-3647-4FDF-B980-7A59F9BDB790}.Release|Mixed Platforms.Build.0 = Release|x86
		{6471D06B-3647-4FDF-B980-7A59F9BDB790}.Release|Win32.ActiveCfg = Release|x86
		{6471D06B-3647-4FDF-B980-7A59F9BDB790}.Release|x86.ActiveCfg = Release|x86
		{6471D06B-3647-4FDF-B980-7A59F9BDB790}.Release|x86.Build.0 = Release|x86
		{4478DEE3-CEF1-4616-816C-60784AF36629}.Debug|Any CPU.ActiveCfg = Debug|Any CPU
		{4478DEE3-CEF1-4616-816C-60784AF36629}.Debug|Any CPU.Build.0 = Debug|Any CPU
		{4478DEE3-CEF1-4616-816C-60784AF36629}.Debug|Mixed Platforms.ActiveCfg = Debug|Any CPU
		{4478DEE3-CEF1-4616-816C-60784AF36629}.Debug|Mixed Platforms.Build.0 = Debug|Any CPU
		{4478DEE3-CEF1-4616-816C-60784AF36629}.Debug|Win32.ActiveCfg = Debug|Any CPU
		{4478DEE3-CEF1-4616-816C-60784AF36629}.Debug|x86.ActiveCfg = Debug|Any CPU
		{4478DEE3-CEF1-4616-816C-60784AF36629}.EXPERIMENTAL|Any CPU.ActiveCfg = Release|Any CPU
		{4478DEE3-CEF1-4616-816C-60784AF36629}.EXPERIMENTAL|Any CPU.Build.0 = Release|Any CPU
		{4478DEE3-CEF1-4616-816C-60784AF36629}.EXPERIMENTAL|Mixed Platforms.ActiveCfg = Release|Any CPU
		{4478DEE3-CEF1-4616-816C-60784AF36629}.EXPERIMENTAL|Mixed Platforms.Build.0 = Release|Any CPU
		{4478DEE3-CEF1-4616-816C-60784AF36629}.EXPERIMENTAL|Win32.ActiveCfg = Release|Any CPU
		{4478DEE3-CEF1-4616-816C-60784AF36629}.EXPERIMENTAL|x86.ActiveCfg = Release|Any CPU
		{4478DEE3-CEF1-4616-816C-60784AF36629}.Release|Any CPU.ActiveCfg = Release|Any CPU
		{4478DEE3-CEF1-4616-816C-60784AF36629}.Release|Any CPU.Build.0 = Release|Any CPU
		{4478DEE3-CEF1-4616-816C-60784AF36629}.Release|Mixed Platforms.ActiveCfg = Release|Any CPU
		{4478DEE3-CEF1-4616-816C-60784AF36629}.Release|Mixed Platforms.Build.0 = Release|Any CPU
		{4478DEE3-CEF1-4616-816C-60784AF36629}.Release|Win32.ActiveCfg = Release|Any CPU
		{4478DEE3-CEF1-4616-816C-60784AF36629}.Release|x86.ActiveCfg = Release|Any CPU
		{2B72EF2A-6611-4492-A753-0E1C8612A3E2}.Debug|Any CPU.ActiveCfg = Debug|Any CPU
		{2B72EF2A-6611-4492-A753-0E1C8612A3E2}.Debug|Any CPU.Build.0 = Debug|Any CPU
		{2B72EF2A-6611-4492-A753-0E1C8612A3E2}.Debug|Mixed Platforms.ActiveCfg = Debug|Any CPU
		{2B72EF2A-6611-4492-A753-0E1C8612A3E2}.Debug|Mixed Platforms.Build.0 = Debug|Any CPU
		{2B72EF2A-6611-4492-A753-0E1C8612A3E2}.Debug|Win32.ActiveCfg = Debug|Any CPU
		{2B72EF2A-6611-4492-A753-0E1C8612A3E2}.Debug|x86.ActiveCfg = Debug|x86
		{2B72EF2A-6611-4492-A753-0E1C8612A3E2}.Debug|x86.Build.0 = Debug|x86
		{2B72EF2A-6611-4492-A753-0E1C8612A3E2}.EXPERIMENTAL|Any CPU.ActiveCfg = EXPERIMENTAL|Any CPU
		{2B72EF2A-6611-4492-A753-0E1C8612A3E2}.EXPERIMENTAL|Any CPU.Build.0 = EXPERIMENTAL|Any CPU
		{2B72EF2A-6611-4492-A753-0E1C8612A3E2}.EXPERIMENTAL|Mixed Platforms.ActiveCfg = EXPERIMENTAL|Any CPU
		{2B72EF2A-6611-4492-A753-0E1C8612A3E2}.EXPERIMENTAL|Mixed Platforms.Build.0 = EXPERIMENTAL|Any CPU
		{2B72EF2A-6611-4492-A753-0E1C8612A3E2}.EXPERIMENTAL|Win32.ActiveCfg = EXPERIMENTAL|Any CPU
		{2B72EF2A-6611-4492-A753-0E1C8612A3E2}.EXPERIMENTAL|x86.ActiveCfg = EXPERIMENTAL|x86
		{2B72EF2A-6611-4492-A753-0E1C8612A3E2}.EXPERIMENTAL|x86.Build.0 = EXPERIMENTAL|x86
		{2B72EF2A-6611-4492-A753-0E1C8612A3E2}.Release|Any CPU.ActiveCfg = Release|Any CPU
		{2B72EF2A-6611-4492-A753-0E1C8612A3E2}.Release|Any CPU.Build.0 = Release|Any CPU
		{2B72EF2A-6611-4492-A753-0E1C8612A3E2}.Release|Mixed Platforms.ActiveCfg = Release|Any CPU
		{2B72EF2A-6611-4492-A753-0E1C8612A3E2}.Release|Mixed Platforms.Build.0 = Release|Any CPU
		{2B72EF2A-6611-4492-A753-0E1C8612A3E2}.Release|Win32.ActiveCfg = Release|Any CPU
		{2B72EF2A-6611-4492-A753-0E1C8612A3E2}.Release|x86.ActiveCfg = Release|x86
		{2B72EF2A-6611-4492-A753-0E1C8612A3E2}.Release|x86.Build.0 = Release|x86
		{1D280F8A-C27B-40A2-AA08-71DB6E82E530}.Debug|Any CPU.ActiveCfg = Debug|Any CPU
		{1D280F8A-C27B-40A2-AA08-71DB6E82E530}.Debug|Any CPU.Build.0 = Debug|Any CPU
		{1D280F8A-C27B-40A2-AA08-71DB6E82E530}.Debug|Mixed Platforms.ActiveCfg = Debug|Any CPU
		{1D280F8A-C27B-40A2-AA08-71DB6E82E530}.Debug|Mixed Platforms.Build.0 = Debug|Any CPU
		{1D280F8A-C27B-40A2-AA08-71DB6E82E530}.Debug|Win32.ActiveCfg = Debug|Any CPU
		{1D280F8A-C27B-40A2-AA08-71DB6E82E530}.Debug|x86.ActiveCfg = Debug|Any CPU
		{1D280F8A-C27B-40A2-AA08-71DB6E82E530}.EXPERIMENTAL|Any CPU.ActiveCfg = EXPERIMENTAL|Any CPU
		{1D280F8A-C27B-40A2-AA08-71DB6E82E530}.EXPERIMENTAL|Any CPU.Build.0 = EXPERIMENTAL|Any CPU
		{1D280F8A-C27B-40A2-AA08-71DB6E82E530}.EXPERIMENTAL|Mixed Platforms.ActiveCfg = EXPERIMENTAL|Any CPU
		{1D280F8A-C27B-40A2-AA08-71DB6E82E530}.EXPERIMENTAL|Mixed Platforms.Build.0 = EXPERIMENTAL|Any CPU
		{1D280F8A-C27B-40A2-AA08-71DB6E82E530}.EXPERIMENTAL|Win32.ActiveCfg = EXPERIMENTAL|Any CPU
		{1D280F8A-C27B-40A2-AA08-71DB6E82E530}.EXPERIMENTAL|x86.ActiveCfg = EXPERIMENTAL|Any CPU
		{1D280F8A-C27B-40A2-AA08-71DB6E82E530}.Release|Any CPU.ActiveCfg = Release|Any CPU
		{1D280F8A-C27B-40A2-AA08-71DB6E82E530}.Release|Any CPU.Build.0 = Release|Any CPU
		{1D280F8A-C27B-40A2-AA08-71DB6E82E530}.Release|Mixed Platforms.ActiveCfg = Release|Any CPU
		{1D280F8A-C27B-40A2-AA08-71DB6E82E530}.Release|Mixed Platforms.Build.0 = Release|Any CPU
		{1D280F8A-C27B-40A2-AA08-71DB6E82E530}.Release|Win32.ActiveCfg = Release|Any CPU
		{1D280F8A-C27B-40A2-AA08-71DB6E82E530}.Release|x86.ActiveCfg = Release|Any CPU
	EndGlobalSection
	GlobalSection(SolutionProperties) = preSolution
		HideSolutionNode = FALSE
	EndGlobalSection
EndGlobal
